
Microsoft Visual Studio Solution File, Format Version 12.00
# Visual Studio Version 17
VisualStudioVersion = 17.9.34723.18
MinimumVisualStudioVersion = 10.0.40219.1
Project("{FAE04EC0-301F-11D3-BF4B-00C04F79EFBC}") = "EjS10", "EjS10\EjS10.csproj", "{DFB547DA-952F-4E02-A573-30D3FD86C08A}"
EndProject
Global
	GlobalSection(SolutionConfigurationPlatforms) = preSolution
		Debug|Any CPU = Debug|Any CPU
		Release|Any CPU = Release|Any CPU
	EndGlobalSection
	GlobalSection(ProjectConfigurationPlatforms) = postSolution
		{DFB547DA-952F-4E02-A573-30D3FD86C08A}.Debug|Any CPU.ActiveCfg = Debug|Any CPU
		{DFB547DA-952F-4E02-A573-30D3FD86C08A}.Debug|Any CPU.Build.0 = Debug|Any CPU
		{DFB547DA-952F-4E02-A573-30D3FD86C08A}.Release|Any CPU.ActiveCfg = Release|Any CPU
		{DFB547DA-952F-4E02-A573-30D3FD86C08A}.Release|Any CPU.Build.0 = Release|Any CPU
	EndGlobalSection
	GlobalSection(SolutionProperties) = preSolution
		HideSolutionNode = FALSE
	EndGlobalSection
	GlobalSection(ExtensibilityGlobals) = postSolution
		SolutionGuid = {EA5D3DDE-3AAC-476F-851E-F7F6A74EDB45}
	EndGlobalSection
EndGlobal
